
Microsoft Visual Studio Solution File, Format Version 12.00
Project("{FAE04EC0-301F-11D3-BF4B-00C04F79EFBC}") = "SUE.Presentation", "SUE.Presentation\SUE.Presentation.csproj", "{BB28AC55-10C5-4E4F-BF78-535C1D179086}"
EndProject
Global
	GlobalSection(SolutionConfigurationPlatforms) = preSolution
		Debug|Any CPU = Debug|Any CPU
		Release|Any CPU = Release|Any CPU
	EndGlobalSection
	GlobalSection(ProjectConfigurationPlatforms) = postSolution
		{BB28AC55-10C5-4E4F-BF78-535C1D179086}.Debug|Any CPU.ActiveCfg = Debug|Any CPU
		{BB28AC55-10C5-4E4F-BF78-535C1D179086}.Debug|Any CPU.Build.0 = Debug|Any CPU
		{BB28AC55-10C5-4E4F-BF78-535C1D179086}.Release|Any CPU.ActiveCfg = Release|Any CPU
		{BB28AC55-10C5-4E4F-BF78-535C1D179086}.Release|Any CPU.Build.0 = Release|Any CPU
	EndGlobalSection
EndGlobal
